
Microsoft Visual Studio Solution File, Format Version 12.00
# Visual Studio Version 16
VisualStudioVersion = 16.0.31205.134
MinimumVisualStudioVersion = 10.0.40219.1
Project("{9A19103F-16F7-4668-BE54-9A1E7A4F7556}") = "kino2", "kino2\kino2.csproj", "{C616A110-75B5-4E28-9010-FB86BDCCD278}"
EndProject
Project("{9A19103F-16F7-4668-BE54-9A1E7A4F7556}") = "kino.Common", "..\..\kino.Common\kino.Common.csproj", "{8DD2B4D8-77A9-4F33-96CF-FBA6617D96CA}"
EndProject
Project("{FAE04EC0-301F-11D3-BF4B-00C04F79EFBC}") = "kino2.common", "kino2.common\kino2.common.csproj", "{5F2379D9-4C80-45F0-8440-BD3A18A153E0}"
EndProject
Global
	GlobalSection(SolutionConfigurationPlatforms) = preSolution
		Debug|Any CPU = Debug|Any CPU
		Release|Any CPU = Release|Any CPU
	EndGlobalSection
	GlobalSection(ProjectConfigurationPlatforms) = postSolution
		{C616A110-75B5-4E28-9010-FB86BDCCD278}.Debug|Any CPU.ActiveCfg = Debug|Any CPU
		{C616A110-75B5-4E28-9010-FB86BDCCD278}.Debug|Any CPU.Build.0 = Debug|Any CPU
		{C616A110-75B5-4E28-9010-FB86BDCCD278}.Release|Any CPU.ActiveCfg = Release|Any CPU
		{C616A110-75B5-4E28-9010-FB86BDCCD278}.Release|Any CPU.Build.0 = Release|Any CPU
		{8DD2B4D8-77A9-4F33-96CF-FBA6617D96CA}.Debug|Any CPU.ActiveCfg = Debug|Any CPU
		{8DD2B4D8-77A9-4F33-96CF-FBA6617D96CA}.Debug|Any CPU.Build.0 = Debug|Any CPU
		{8DD2B4D8-77A9-4F33-96CF-FBA6617D96CA}.Release|Any CPU.ActiveCfg = Release|Any CPU
		{8DD2B4D8-77A9-4F33-96CF-FBA6617D96CA}.Release|Any CPU.Build.0 = Release|Any CPU
		{5F2379D9-4C80-45F0-8440-BD3A18A153E0}.Debug|Any CPU.ActiveCfg = Debug|Any CPU
		{5F2379D9-4C80-45F0-8440-BD3A18A153E0}.Debug|Any CPU.Build.0 = Debug|Any CPU
		{5F2379D9-4C80-45F0-8440-BD3A18A153E0}.Release|Any CPU.ActiveCfg = Release|Any CPU
		{5F2379D9-4C80-45F0-8440-BD3A18A153E0}.Release|Any CPU.Build.0 = Release|Any CPU
	EndGlobalSection
	GlobalSection(SolutionProperties) = preSolution
		HideSolutionNode = FALSE
	EndGlobalSection
	GlobalSection(ExtensibilityGlobals) = postSolution
		SolutionGuid = {D12448C7-4C19-443C-BFE2-DC6039D57ED6}
	EndGlobalSection
EndGlobal
